
Microsoft Visual Studio Solution File, Format Version 12.00
# Visual Studio Version 16
VisualStudioVersion = 16.0.31702.278
MinimumVisualStudioVersion = 10.0.40219.1
Project("{FAE04EC0-301F-11D3-BF4B-00C04F79EFBC}") = "KgLab2", "KgLab2\KgLab2.csproj", "{516B3D73-6F13-4AB5-A577-B8BA050DA742}"
EndProject
Global
	GlobalSection(SolutionConfigurationPlatforms) = preSolution
		Debug|Any CPU = Debug|Any CPU
		Release|Any CPU = Release|Any CPU
	EndGlobalSection
	GlobalSection(ProjectConfigurationPlatforms) = postSolution
		{516B3D73-6F13-4AB5-A577-B8BA050DA742}.Debug|Any CPU.ActiveCfg = Debug|Any CPU
		{516B3D73-6F13-4AB5-A577-B8BA050DA742}.Debug|Any CPU.Build.0 = Debug|Any CPU
		{516B3D73-6F13-4AB5-A577-B8BA050DA742}.Release|Any CPU.ActiveCfg = Release|Any CPU
		{516B3D73-6F13-4AB5-A577-B8BA050DA742}.Release|Any CPU.Build.0 = Release|Any CPU
	EndGlobalSection
	GlobalSection(SolutionProperties) = preSolution
		HideSolutionNode = FALSE
	EndGlobalSection
	GlobalSection(ExtensibilityGlobals) = postSolution
		SolutionGuid = {7899C77C-6A5E-4325-BFDC-F26355357CDC}
	EndGlobalSection
EndGlobal
